
Microsoft Visual Studio Solution File, Format Version 12.00
# Visual Studio Version 16
VisualStudioVersion = 16.0.29926.136
MinimumVisualStudioVersion = 10.0.40219.1
Project("{FAE04EC0-301F-11D3-BF4B-00C04F79EFBC}") = "OdvozOtpada", "OdvozOtpada\OdvozOtpada.csproj", "{65F4A7CC-B8FF-4CCF-828A-BF44A9714634}"
EndProject
Global
	GlobalSection(SolutionConfigurationPlatforms) = preSolution
		Debug|Any CPU = Debug|Any CPU
		Release|Any CPU = Release|Any CPU
	EndGlobalSection
	GlobalSection(ProjectConfigurationPlatforms) = postSolution
		{65F4A7CC-B8FF-4CCF-828A-BF44A9714634}.Debug|Any CPU.ActiveCfg = Debug|Any CPU
		{65F4A7CC-B8FF-4CCF-828A-BF44A9714634}.Debug|Any CPU.Build.0 = Debug|Any CPU
		{65F4A7CC-B8FF-4CCF-828A-BF44A9714634}.Release|Any CPU.ActiveCfg = Release|Any CPU
		{65F4A7CC-B8FF-4CCF-828A-BF44A9714634}.Release|Any CPU.Build.0 = Release|Any CPU
	EndGlobalSection
	GlobalSection(SolutionProperties) = preSolution
		HideSolutionNode = FALSE
	EndGlobalSection
	GlobalSection(ExtensibilityGlobals) = postSolution
		SolutionGuid = {8FEB0D1F-99B1-4604-9A24-FD357878566C}
	EndGlobalSection
EndGlobal
